
Microsoft Visual Studio Solution File, Format Version 12.00
# Visual Studio Version 17
VisualStudioVersion = 17.0.31903.59
MinimumVisualStudioVersion = 10.0.40219.1
Project("{FAE04EC0-301F-11D3-BF4B-00C04F79EFBC}") = "ServiceBillsLib", "ServiceBillsLib\ServiceBillsLib.csproj", "{622AACA8-6685-4DFB-BBD2-488CD2D842AA}"
EndProject
Project("{FAE04EC0-301F-11D3-BF4B-00C04F79EFBC}") = "ServiceBillsCLI", "ServiceBillsCLI\ServiceBillsCLI.csproj", "{E9F3D717-2502-481E-B2E4-1443E80A469F}"
EndProject
Project("{FAE04EC0-301F-11D3-BF4B-00C04F79EFBC}") = "ServiceBillsTests", "ServiceBillsTests\ServiceBillsTests.csproj", "{2C68159A-857D-4FE0-8E04-C769768A7925}"
EndProject
Global
	GlobalSection(SolutionConfigurationPlatforms) = preSolution
		Debug|Any CPU = Debug|Any CPU
		Release|Any CPU = Release|Any CPU
	EndGlobalSection
	GlobalSection(ProjectConfigurationPlatforms) = postSolution
		{622AACA8-6685-4DFB-BBD2-488CD2D842AA}.Debug|Any CPU.ActiveCfg = Debug|Any CPU
		{622AACA8-6685-4DFB-BBD2-488CD2D842AA}.Debug|Any CPU.Build.0 = Debug|Any CPU
		{622AACA8-6685-4DFB-BBD2-488CD2D842AA}.Release|Any CPU.ActiveCfg = Release|Any CPU
		{622AACA8-6685-4DFB-BBD2-488CD2D842AA}.Release|Any CPU.Build.0 = Release|Any CPU
		{E9F3D717-2502-481E-B2E4-1443E80A469F}.Debug|Any CPU.ActiveCfg = Debug|Any CPU
		{E9F3D717-2502-481E-B2E4-1443E80A469F}.Debug|Any CPU.Build.0 = Debug|Any CPU
		{E9F3D717-2502-481E-B2E4-1443E80A469F}.Release|Any CPU.ActiveCfg = Release|Any CPU
		{E9F3D717-2502-481E-B2E4-1443E80A469F}.Release|Any CPU.Build.0 = Release|Any CPU
		{2C68159A-857D-4FE0-8E04-C769768A7925}.Debug|Any CPU.ActiveCfg = Debug|Any CPU
		{2C68159A-857D-4FE0-8E04-C769768A7925}.Debug|Any CPU.Build.0 = Debug|Any CPU
		{2C68159A-857D-4FE0-8E04-C769768A7925}.Release|Any CPU.ActiveCfg = Release|Any CPU
		{2C68159A-857D-4FE0-8E04-C769768A7925}.Release|Any CPU.Build.0 = Release|Any CPU
	EndGlobalSection
	GlobalSection(SolutionProperties) = preSolution
		HideSolutionNode = FALSE
	EndGlobalSection
EndGlobal
